
Microsoft Visual Studio Solution File, Format Version 12.00
# Visual Studio 15
VisualStudioVersion = 15.0.28307.572
MinimumVisualStudioVersion = 10.0.40219.1
Project("{9A19103F-16F7-4668-BE54-9A1E7A4F7556}") = "OcelotChShiFirst", "OcelotChShiFirst\OcelotChShiFirst.csproj", "{1FF34821-9B57-4BA3-84C9-5933AC59F9C4}"
EndProject
Project("{9A19103F-16F7-4668-BE54-9A1E7A4F7556}") = "OcelotChShiTwo", "OcelotChShiTwo\OcelotChShiTwo.csproj", "{5C6A2A82-A553-4906-BCF3-3A4EF40722C1}"
EndProject
Project("{9A19103F-16F7-4668-BE54-9A1E7A4F7556}") = "OcelotGetway", "OcelotGetway\OcelotGetway.csproj", "{54384F18-A0AB-42B7-A04E-035019669919}"
EndProject
Project("{9A19103F-16F7-4668-BE54-9A1E7A4F7556}") = "OcelotChShiThree", "OcelotChShiThree\OcelotChShiThree.csproj", "{F48D9FE8-5491-4C1A-8EC9-1E59385C6326}"
EndProject
Project("{2150E333-8FDC-42A3-9474-1A3956D46DE8}") = "Ocelot", "Ocelot", "{29354DFF-77F9-40C0-AC01-BA56FC0E925E}"
EndProject
Project("{2150E333-8FDC-42A3-9474-1A3956D46DE8}") = "IdentityServer", "IdentityServer", "{E9D35A68-F302-4E3E-A60A-D5E1A419F32D}"
EndProject
Project("{9A19103F-16F7-4668-BE54-9A1E7A4F7556}") = "IdentityServerApi", "IdentityServerApi\IdentityServerApi.csproj", "{F0805B44-D7E6-4D56-8BC4-7BAEAC057819}"
EndProject
Project("{9A19103F-16F7-4668-BE54-9A1E7A4F7556}") = "IdentityServerClient", "IdentityServerClient\IdentityServerClient.csproj", "{7366A731-624D-4BDB-A2FA-BDAC21B91B17}"
EndProject
Project("{9A19103F-16F7-4668-BE54-9A1E7A4F7556}") = "IdentityServerService", "IdentityServerService\IdentityServerService.csproj", "{627C2A17-D0D9-488A-8DA2-52CDFD38AC9B}"
EndProject
Project("{FAE04EC0-301F-11D3-BF4B-00C04F79EFBC}") = "IdentityServerWeb", "IdentityServerWeb\IdentityServerWeb.csproj", "{C5B5E956-7843-48D8-8401-B60DEB88163E}"
EndProject
Global
	GlobalSection(SolutionConfigurationPlatforms) = preSolution
		Debug|Any CPU = Debug|Any CPU
		Release|Any CPU = Release|Any CPU
	EndGlobalSection
	GlobalSection(ProjectConfigurationPlatforms) = postSolution
		{1FF34821-9B57-4BA3-84C9-5933AC59F9C4}.Debug|Any CPU.ActiveCfg = Debug|Any CPU
		{1FF34821-9B57-4BA3-84C9-5933AC59F9C4}.Debug|Any CPU.Build.0 = Debug|Any CPU
		{1FF34821-9B57-4BA3-84C9-5933AC59F9C4}.Release|Any CPU.ActiveCfg = Release|Any CPU
		{1FF34821-9B57-4BA3-84C9-5933AC59F9C4}.Release|Any CPU.Build.0 = Release|Any CPU
		{5C6A2A82-A553-4906-BCF3-3A4EF40722C1}.Debug|Any CPU.ActiveCfg = Debug|Any CPU
		{5C6A2A82-A553-4906-BCF3-3A4EF40722C1}.Debug|Any CPU.Build.0 = Debug|Any CPU
		{5C6A2A82-A553-4906-BCF3-3A4EF40722C1}.Release|Any CPU.ActiveCfg = Release|Any CPU
		{5C6A2A82-A553-4906-BCF3-3A4EF40722C1}.Release|Any CPU.Build.0 = Release|Any CPU
		{54384F18-A0AB-42B7-A04E-035019669919}.Debug|Any CPU.ActiveCfg = Debug|Any CPU
		{54384F18-A0AB-42B7-A04E-035019669919}.Debug|Any CPU.Build.0 = Debug|Any CPU
		{54384F18-A0AB-42B7-A04E-035019669919}.Release|Any CPU.ActiveCfg = Release|Any CPU
		{54384F18-A0AB-42B7-A04E-035019669919}.Release|Any CPU.Build.0 = Release|Any CPU
		{F48D9FE8-5491-4C1A-8EC9-1E59385C6326}.Debug|Any CPU.ActiveCfg = Debug|Any CPU
		{F48D9FE8-5491-4C1A-8EC9-1E59385C6326}.Debug|Any CPU.Build.0 = Debug|Any CPU
		{F48D9FE8-5491-4C1A-8EC9-1E59385C6326}.Release|Any CPU.ActiveCfg = Release|Any CPU
		{F48D9FE8-5491-4C1A-8EC9-1E59385C6326}.Release|Any CPU.Build.0 = Release|Any CPU
		{F0805B44-D7E6-4D56-8BC4-7BAEAC057819}.Debug|Any CPU.ActiveCfg = Debug|Any CPU
		{F0805B44-D7E6-4D56-8BC4-7BAEAC057819}.Debug|Any CPU.Build.0 = Debug|Any CPU
		{F0805B44-D7E6-4D56-8BC4-7BAEAC057819}.Release|Any CPU.ActiveCfg = Release|Any CPU
		{F0805B44-D7E6-4D56-8BC4-7BAEAC057819}.Release|Any CPU.Build.0 = Release|Any CPU
		{7366A731-624D-4BDB-A2FA-BDAC21B91B17}.Debug|Any CPU.ActiveCfg = Debug|Any CPU
		{7366A731-624D-4BDB-A2FA-BDAC21B91B17}.Debug|Any CPU.Build.0 = Debug|Any CPU
		{7366A731-624D-4BDB-A2FA-BDAC21B91B17}.Release|Any CPU.ActiveCfg = Release|Any CPU
		{7366A731-624D-4BDB-A2FA-BDAC21B91B17}.Release|Any CPU.Build.0 = Release|Any CPU
		{627C2A17-D0D9-488A-8DA2-52CDFD38AC9B}.Debug|Any CPU.ActiveCfg = Debug|Any CPU
		{627C2A17-D0D9-488A-8DA2-52CDFD38AC9B}.Debug|Any CPU.Build.0 = Debug|Any CPU
		{627C2A17-D0D9-488A-8DA2-52CDFD38AC9B}.Release|Any CPU.ActiveCfg = Release|Any CPU
		{627C2A17-D0D9-488A-8DA2-52CDFD38AC9B}.Release|Any CPU.Build.0 = Release|Any CPU
		{C5B5E956-7843-48D8-8401-B60DEB88163E}.Debug|Any CPU.ActiveCfg = Debug|Any CPU
		{C5B5E956-7843-48D8-8401-B60DEB88163E}.Debug|Any CPU.Build.0 = Debug|Any CPU
		{C5B5E956-7843-48D8-8401-B60DEB88163E}.Release|Any CPU.ActiveCfg = Release|Any CPU
		{C5B5E956-7843-48D8-8401-B60DEB88163E}.Release|Any CPU.Build.0 = Release|Any CPU
	EndGlobalSection
	GlobalSection(SolutionProperties) = preSolution
		HideSolutionNode = FALSE
	EndGlobalSection
	GlobalSection(NestedProjects) = preSolution
		{1FF34821-9B57-4BA3-84C9-5933AC59F9C4} = {29354DFF-77F9-40C0-AC01-BA56FC0E925E}
		{5C6A2A82-A553-4906-BCF3-3A4EF40722C1} = {29354DFF-77F9-40C0-AC01-BA56FC0E925E}
		{54384F18-A0AB-42B7-A04E-035019669919} = {29354DFF-77F9-40C0-AC01-BA56FC0E925E}
		{F48D9FE8-5491-4C1A-8EC9-1E59385C6326} = {29354DFF-77F9-40C0-AC01-BA56FC0E925E}
		{F0805B44-D7E6-4D56-8BC4-7BAEAC057819} = {E9D35A68-F302-4E3E-A60A-D5E1A419F32D}
		{7366A731-624D-4BDB-A2FA-BDAC21B91B17} = {E9D35A68-F302-4E3E-A60A-D5E1A419F32D}
		{627C2A17-D0D9-488A-8DA2-52CDFD38AC9B} = {E9D35A68-F302-4E3E-A60A-D5E1A419F32D}
		{C5B5E956-7843-48D8-8401-B60DEB88163E} = {E9D35A68-F302-4E3E-A60A-D5E1A419F32D}
	EndGlobalSection
	GlobalSection(ExtensibilityGlobals) = postSolution
		SolutionGuid = {6DB0ED9E-F730-4482-B577-34E05812B116}
	EndGlobalSection
EndGlobal
